{
  "name": "test-vue",
  "lockfileVersion": 3,
  "requires": true,
  "packages": {
    "": {
      "dependencies": {
        "@azure/msal-browser": "^4.12.0"
      }
    },
    "node_modules/@azure/msal-browser": {
      "version": "4.12.0",
      "resolved": "https://registry.npmjs.org/@azure/msal-browser/-/msal-browser-4.12.0.tgz",
      "integrity": "sha512-WD1lmVWchg7wn1mI7Tr4v7QPyTwK+8Nuyje3jRpOFENLRLEBsdK8VVdTw3C+TypZmYn4cOAdj3zREnuFXgvfIA==",
      "license": "MIT",
      "dependencies": {
        "@azure/msal-common": "15.6.0"
      },
      "engines": {
        "node": ">=0.8.0"
      }
    },
    "node_modules/@azure/msal-common": {
      "version": "15.6.0",
      "resolved": "https://registry.npmjs.org/@azure/msal-common/-/msal-common-15.6.0.tgz",
      "integrity": "sha512-EotmBz42apYGjqiIV9rDUdptaMptpTn4TdGf3JfjLvFvinSe9BJ6ywU92K9ky+t/b0ghbeTSe9RfqlgLh8f2jA==",
      "license": "MIT",
      "engines": {
        "node": ">=0.8.0"
      }
    }
  }
}
